
Microsoft Visual Studio Solution File, Format Version 12.00
# Visual Studio 15
VisualStudioVersion = 15.0.28307.645
MinimumVisualStudioVersion = 10.0.40219.1
Project("{FAE04EC0-301F-11D3-BF4B-00C04F79EFBC}") = "CalidadSoftware", "CalidadSoftware\CalidadSoftware.csproj", "{5B873830-541F-4008-8922-6C9474262FFE}"
EndProject
Project("{FAE04EC0-301F-11D3-BF4B-00C04F79EFBC}") = "CalidadSoftware.Tests", "CalidadSoftware.Tests\CalidadSoftware.Tests.csproj", "{97BD1848-1F1E-4ABB-BC80-71B31EFCDFE0}"
EndProject
Project("{FAE04EC0-301F-11D3-BF4B-00C04F79EFBC}") = "DataLibrary", "DataLibrary\DataLibrary.csproj", "{7A1417D0-DA8F-43BC-B0BC-C7C378D66B04}"
EndProject
Global
	GlobalSection(SolutionConfigurationPlatforms) = preSolution
		Debug|Any CPU = Debug|Any CPU
		Release|Any CPU = Release|Any CPU
	EndGlobalSection
	GlobalSection(ProjectConfigurationPlatforms) = postSolution
		{5B873830-541F-4008-8922-6C9474262FFE}.Debug|Any CPU.ActiveCfg = Debug|Any CPU
		{5B873830-541F-4008-8922-6C9474262FFE}.Debug|Any CPU.Build.0 = Debug|Any CPU
		{5B873830-541F-4008-8922-6C9474262FFE}.Release|Any CPU.ActiveCfg = Release|Any CPU
		{5B873830-541F-4008-8922-6C9474262FFE}.Release|Any CPU.Build.0 = Release|Any CPU
		{97BD1848-1F1E-4ABB-BC80-71B31EFCDFE0}.Debug|Any CPU.ActiveCfg = Debug|Any CPU
		{97BD1848-1F1E-4ABB-BC80-71B31EFCDFE0}.Debug|Any CPU.Build.0 = Debug|Any CPU
		{97BD1848-1F1E-4ABB-BC80-71B31EFCDFE0}.Release|Any CPU.ActiveCfg = Release|Any CPU
		{97BD1848-1F1E-4ABB-BC80-71B31EFCDFE0}.Release|Any CPU.Build.0 = Release|Any CPU
		{7A1417D0-DA8F-43BC-B0BC-C7C378D66B04}.Debug|Any CPU.ActiveCfg = Debug|Any CPU
		{7A1417D0-DA8F-43BC-B0BC-C7C378D66B04}.Debug|Any CPU.Build.0 = Debug|Any CPU
		{7A1417D0-DA8F-43BC-B0BC-C7C378D66B04}.Release|Any CPU.ActiveCfg = Release|Any CPU
		{7A1417D0-DA8F-43BC-B0BC-C7C378D66B04}.Release|Any CPU.Build.0 = Release|Any CPU
	EndGlobalSection
	GlobalSection(SolutionProperties) = preSolution
		HideSolutionNode = FALSE
	EndGlobalSection
	GlobalSection(ExtensibilityGlobals) = postSolution
		SolutionGuid = {575C8961-49AB-4801-98F3-232A4730817F}
	EndGlobalSection
EndGlobal
